
Microsoft Visual Studio Solution File, Format Version 12.00
# Visual Studio Version 17
VisualStudioVersion = 17.5.002.0
MinimumVisualStudioVersion = 10.0.40219.1
Project("{9A19103F-16F7-4668-BE54-9A1E7A4F7556}") = "Sealed_Keyword", "Sealed_Keyword.csproj", "{6E3A91E7-D8F0-448C-99CF-0401A1A7FF21}"
EndProject
Global
	GlobalSection(SolutionConfigurationPlatforms) = preSolution
		Debug|Any CPU = Debug|Any CPU
		Release|Any CPU = Release|Any CPU
	EndGlobalSection
	GlobalSection(ProjectConfigurationPlatforms) = postSolution
		{6E3A91E7-D8F0-448C-99CF-0401A1A7FF21}.Debug|Any CPU.ActiveCfg = Debug|Any CPU
		{6E3A91E7-D8F0-448C-99CF-0401A1A7FF21}.Debug|Any CPU.Build.0 = Debug|Any CPU
		{6E3A91E7-D8F0-448C-99CF-0401A1A7FF21}.Release|Any CPU.ActiveCfg = Release|Any CPU
		{6E3A91E7-D8F0-448C-99CF-0401A1A7FF21}.Release|Any CPU.Build.0 = Release|Any CPU
	EndGlobalSection
	GlobalSection(SolutionProperties) = preSolution
		HideSolutionNode = FALSE
	EndGlobalSection
	GlobalSection(ExtensibilityGlobals) = postSolution
		SolutionGuid = {4B549B82-9265-492C-A92D-6B49159CCFB3}
	EndGlobalSection
EndGlobal
